<?xml version="1.0" encoding="utf-8"?>
<Project ToolsVersion="4.0" xmlns="http://schemas.microsoft.com/developer/msbuild/2003">
  <ItemGroup>
    <Filter Include="crc">
      <UniqueIdentifier>{82e4ee85-58e2-4e36-8662-601a0c5c97e6}</UniqueIdentifier>
    </Filter>
  </ItemGroup>
  <ItemGroup>
    <ClCompile Include="$(MSBuildThisFileDirectory)src\crc.c">
      <Filter>crc</Filter>
    </ClCompile>
  </ItemGroup>
  <ItemGroup>
    <ClInclude Include="$(MSBuildThisFileDirectory)src\crc.h">
      <Filter>crc</Filter>
    </ClInclude>
  </ItemGroup>
</Project>