<?xml version="1.0" encoding="utf-8"?>
<Project ToolsVersion="4.0" xmlns="http://schemas.microsoft.com/developer/msbuild/2003">
  <ItemGroup>
    <Filter Include="crc">
      <UniqueIdentifier>{0857cbca-25d6-482d-8105-f24515f6227b}</UniqueIdentifier>
    </Filter>
    <Filter Include="packet">
      <UniqueIdentifier>{f9ff22cc-c29d-4dec-9ea0-8d70eed24683}</UniqueIdentifier>
    </Filter>
    <Filter Include="Vector">
      <UniqueIdentifier>{12b98070-8bd8-4a98-ac33-2e81631747bd}</UniqueIdentifier>
    </Filter>
  </ItemGroup>
  <ItemGroup>
    <ClCompile Include="$(MSBuildThisFileDirectory)crc.c">
      <Filter>crc</Filter>
    </ClCompile>
    <ClCompile Include="$(MSBuildThisFileDirectory)custom_packets.c">
      <Filter>packet</Filter>
    </ClCompile>
    <ClCompile Include="$(MSBuildThisFileDirectory)packet.c">
      <Filter>packet</Filter>
    </ClCompile>
    <ClCompile Include="$(MSBuildThisFileDirectory)generic.cpp" />
    <ClCompile Include="$(MSBuildThisFileDirectory)Vector2.cpp">
      <Filter>Vector</Filter>
    </ClCompile>
    <ClCompile Include="$(MSBuildThisFileDirectory)Vector3.cpp">
      <Filter>Vector</Filter>
    </ClCompile>
  </ItemGroup>
  <ItemGroup>
    <ClInclude Include="$(MSBuildThisFileDirectory)crc.h">
      <Filter>crc</Filter>
    </ClInclude>
    <ClInclude Include="$(MSBuildThisFileDirectory)custom_packets.h">
      <Filter>packet</Filter>
    </ClInclude>
    <ClInclude Include="$(MSBuildThisFileDirectory)packet.h">
      <Filter>packet</Filter>
    </ClInclude>
    <ClInclude Include="$(MSBuildThisFileDirectory)generic.hpp" />
    <ClInclude Include="$(MSBuildThisFileDirectory)Vector2.hpp">
      <Filter>Vector</Filter>
    </ClInclude>
    <ClInclude Include="$(MSBuildThisFileDirectory)Vector3.hpp">
      <Filter>Vector</Filter>
    </ClInclude>
  </ItemGroup>
</Project>